
Microsoft Visual Studio Solution File, Format Version 12.00
# Visual Studio Version 17
VisualStudioVersion = 17.14.36623.8
MinimumVisualStudioVersion = 10.0.40219.1
Project("{FAE04EC0-301F-11D3-BF4B-00C04F79EFBC}") = "MathRound", "MathRound\MathRound.csproj", "{B54AB7B7-DC25-1AAF-0A63-7DC57B450C06}"
EndProject
Project("{FAE04EC0-301F-11D3-BF4B-00C04F79EFBC}") = "MathRound.Tests", "MathRound.Tests\MathRound.Tests.csproj", "{86521F97-E60A-AE09-7153-FD103DD7FB59}"
EndProject
Project("{FAE04EC0-301F-11D3-BF4B-00C04F79EFBC}") = "UUIDGenerator", "UUIDGenerator\UUIDGenerator.csproj", "{41FB8302-E7AC-4A8A-B2A4-D976D995CF0A}"
EndProject
Project("{FAE04EC0-301F-11D3-BF4B-00C04F79EFBC}") = "UUIDGenerator.Tests", "UUIDGenerator.Tests\UUIDGenerator.Tests.csproj", "{FE4999A2-1918-4E99-8601-0E535150DBAF}"
EndProject
Project("{FAE04EC0-301F-11D3-BF4B-00C04F79EFBC}") = "JsonPlaceholderKiota", "JsonPlaceholderKiota\JsonPlaceholderKiota.csproj", "{AFF0DBDA-6906-425C-84D3-26DE9DC040EB}"
EndProject
Project("{FAE04EC0-301F-11D3-BF4B-00C04F79EFBC}") = "JsonPlaceholderKiota.Tests", "JsonPlaceholderKiota.Tests\JsonPlaceholderKiota.Tests.csproj", "{B9150B6A-3D47-465D-AE06-8629D7FAA91D}"
EndProject
Project("{FAE04EC0-301F-11D3-BF4B-00C04F79EFBC}") = "KiotaOutSystems.Generator", "KiotaOutSystems.Generator\KiotaOutSystems.Generator.csproj", "{232A008D-2C3E-47A3-B0A1-B2247A0A058C}"
EndProject
Project("{FAE04EC0-301F-11D3-BF4B-00C04F79EFBC}") = "KiotaOutSystems.Generator.Tests", "KiotaOutSystems.Generator.Tests\KiotaOutSystems.Generator.Tests.csproj", "{5179F54D-FC2D-45EB-9CC1-51DC6605D33A}"
EndProject
Project("{FAE04EC0-301F-11D3-BF4B-00C04F79EFBC}") = "PetstoreKiota", "PetstoreKiota\PetstoreKiota.csproj", "{CEFDA22C-49CB-48D9-AEF9-16A69E2639F0}"
EndProject
Project("{FAE04EC0-301F-11D3-BF4B-00C04F79EFBC}") = "StripeKiota", "StripeKiota\StripeKiota.csproj", "{C26430F7-9512-4F65-AC5C-52916A742DD4}"
EndProject
Project("{FAE04EC0-301F-11D3-BF4B-00C04F79EFBC}") = "DocuSignKiota", "DocuSignKiota\DocuSignKiota.csproj", "{B7DBAE34-A821-4BE8-BE0B-216A2849EE44}"
EndProject
Project("{FAE04EC0-301F-11D3-BF4B-00C04F79EFBC}") = "GitHubKiota", "GitHubKiota\GitHubKiota.csproj", "{0940A624-C0B1-4A61-BFDF-65F3B61652A4}"
EndProject
Global
	GlobalSection(SolutionConfigurationPlatforms) = preSolution
		Debug|Any CPU = Debug|Any CPU
		Debug|x64 = Debug|x64
		Debug|x86 = Debug|x86
		Release|Any CPU = Release|Any CPU
		Release|x64 = Release|x64
		Release|x86 = Release|x86
	EndGlobalSection
	GlobalSection(ProjectConfigurationPlatforms) = postSolution
		{B54AB7B7-DC25-1AAF-0A63-7DC57B450C06}.Debug|Any CPU.ActiveCfg = Debug|Any CPU
		{B54AB7B7-DC25-1AAF-0A63-7DC57B450C06}.Debug|Any CPU.Build.0 = Debug|Any CPU
		{B54AB7B7-DC25-1AAF-0A63-7DC57B450C06}.Debug|x64.ActiveCfg = Debug|Any CPU
		{B54AB7B7-DC25-1AAF-0A63-7DC57B450C06}.Debug|x64.Build.0 = Debug|Any CPU
		{B54AB7B7-DC25-1AAF-0A63-7DC57B450C06}.Debug|x86.ActiveCfg = Debug|Any CPU
		{B54AB7B7-DC25-1AAF-0A63-7DC57B450C06}.Debug|x86.Build.0 = Debug|Any CPU
		{B54AB7B7-DC25-1AAF-0A63-7DC57B450C06}.Release|Any CPU.ActiveCfg = Release|Any CPU
		{B54AB7B7-DC25-1AAF-0A63-7DC57B450C06}.Release|Any CPU.Build.0 = Release|Any CPU
		{B54AB7B7-DC25-1AAF-0A63-7DC57B450C06}.Release|x64.ActiveCfg = Release|Any CPU
		{B54AB7B7-DC25-1AAF-0A63-7DC57B450C06}.Release|x64.Build.0 = Release|Any CPU
		{B54AB7B7-DC25-1AAF-0A63-7DC57B450C06}.Release|x86.ActiveCfg = Release|Any CPU
		{B54AB7B7-DC25-1AAF-0A63-7DC57B450C06}.Release|x86.Build.0 = Release|Any CPU
		{86521F97-E60A-AE09-7153-FD103DD7FB59}.Debug|Any CPU.ActiveCfg = Debug|Any CPU
		{86521F97-E60A-AE09-7153-FD103DD7FB59}.Debug|Any CPU.Build.0 = Debug|Any CPU
		{86521F97-E60A-AE09-7153-FD103DD7FB59}.Debug|x64.ActiveCfg = Debug|Any CPU
		{86521F97-E60A-AE09-7153-FD103DD7FB59}.Debug|x64.Build.0 = Debug|Any CPU
		{86521F97-E60A-AE09-7153-FD103DD7FB59}.Debug|x86.ActiveCfg = Debug|Any CPU
		{86521F97-E60A-AE09-7153-FD103DD7FB59}.Debug|x86.Build.0 = Debug|Any CPU
		{86521F97-E60A-AE09-7153-FD103DD7FB59}.Release|Any CPU.ActiveCfg = Release|Any CPU
		{86521F97-E60A-AE09-7153-FD103DD7FB59}.Release|Any CPU.Build.0 = Release|Any CPU
		{86521F97-E60A-AE09-7153-FD103DD7FB59}.Release|x64.ActiveCfg = Release|Any CPU
		{86521F97-E60A-AE09-7153-FD103DD7FB59}.Release|x64.Build.0 = Release|Any CPU
		{86521F97-E60A-AE09-7153-FD103DD7FB59}.Release|x86.ActiveCfg = Release|Any CPU
		{86521F97-E60A-AE09-7153-FD103DD7FB59}.Release|x86.Build.0 = Release|Any CPU
		{41FB8302-E7AC-4A8A-B2A4-D976D995CF0A}.Debug|Any CPU.ActiveCfg = Debug|Any CPU
		{41FB8302-E7AC-4A8A-B2A4-D976D995CF0A}.Debug|Any CPU.Build.0 = Debug|Any CPU
		{41FB8302-E7AC-4A8A-B2A4-D976D995CF0A}.Debug|x64.ActiveCfg = Debug|Any CPU
		{41FB8302-E7AC-4A8A-B2A4-D976D995CF0A}.Debug|x64.Build.0 = Debug|Any CPU
		{41FB8302-E7AC-4A8A-B2A4-D976D995CF0A}.Debug|x86.ActiveCfg = Debug|Any CPU
		{41FB8302-E7AC-4A8A-B2A4-D976D995CF0A}.Debug|x86.Build.0 = Debug|Any CPU
		{41FB8302-E7AC-4A8A-B2A4-D976D995CF0A}.Release|Any CPU.ActiveCfg = Release|Any CPU
		{41FB8302-E7AC-4A8A-B2A4-D976D995CF0A}.Release|Any CPU.Build.0 = Release|Any CPU
		{41FB8302-E7AC-4A8A-B2A4-D976D995CF0A}.Release|x64.ActiveCfg = Release|Any CPU
		{41FB8302-E7AC-4A8A-B2A4-D976D995CF0A}.Release|x64.Build.0 = Release|Any CPU
		{41FB8302-E7AC-4A8A-B2A4-D976D995CF0A}.Release|x86.ActiveCfg = Release|Any CPU
		{41FB8302-E7AC-4A8A-B2A4-D976D995CF0A}.Release|x86.Build.0 = Release|Any CPU
		{FE4999A2-1918-4E99-8601-0E535150DBAF}.Debug|Any CPU.ActiveCfg = Debug|Any CPU
		{FE4999A2-1918-4E99-8601-0E535150DBAF}.Debug|Any CPU.Build.0 = Debug|Any CPU
		{FE4999A2-1918-4E99-8601-0E535150DBAF}.Debug|x64.ActiveCfg = Debug|Any CPU
		{FE4999A2-1918-4E99-8601-0E535150DBAF}.Debug|x64.Build.0 = Debug|Any CPU
		{FE4999A2-1918-4E99-8601-0E535150DBAF}.Debug|x86.ActiveCfg = Debug|Any CPU
		{FE4999A2-1918-4E99-8601-0E535150DBAF}.Debug|x86.Build.0 = Debug|Any CPU
		{FE4999A2-1918-4E99-8601-0E535150DBAF}.Release|Any CPU.ActiveCfg = Release|Any CPU
		{FE4999A2-1918-4E99-8601-0E535150DBAF}.Release|Any CPU.Build.0 = Release|Any CPU
		{FE4999A2-1918-4E99-8601-0E535150DBAF}.Release|x64.ActiveCfg = Release|Any CPU
		{FE4999A2-1918-4E99-8601-0E535150DBAF}.Release|x64.Build.0 = Release|Any CPU
		{FE4999A2-1918-4E99-8601-0E535150DBAF}.Release|x86.ActiveCfg = Release|Any CPU
		{FE4999A2-1918-4E99-8601-0E535150DBAF}.Release|x86.Build.0 = Release|Any CPU
		{AFF0DBDA-6906-425C-84D3-26DE9DC040EB}.Debug|Any CPU.ActiveCfg = Debug|Any CPU
		{AFF0DBDA-6906-425C-84D3-26DE9DC040EB}.Debug|Any CPU.Build.0 = Debug|Any CPU
		{AFF0DBDA-6906-425C-84D3-26DE9DC040EB}.Debug|x64.ActiveCfg = Debug|Any CPU
		{AFF0DBDA-6906-425C-84D3-26DE9DC040EB}.Debug|x64.Build.0 = Debug|Any CPU
		{AFF0DBDA-6906-425C-84D3-26DE9DC040EB}.Debug|x86.ActiveCfg = Debug|Any CPU
		{AFF0DBDA-6906-425C-84D3-26DE9DC040EB}.Debug|x86.Build.0 = Debug|Any CPU
		{AFF0DBDA-6906-425C-84D3-26DE9DC040EB}.Release|Any CPU.ActiveCfg = Release|Any CPU
		{AFF0DBDA-6906-425C-84D3-26DE9DC040EB}.Release|Any CPU.Build.0 = Release|Any CPU
		{AFF0DBDA-6906-425C-84D3-26DE9DC040EB}.Release|x64.ActiveCfg = Release|Any CPU
		{AFF0DBDA-6906-425C-84D3-26DE9DC040EB}.Release|x64.Build.0 = Release|Any CPU
		{AFF0DBDA-6906-425C-84D3-26DE9DC040EB}.Release|x86.ActiveCfg = Release|Any CPU
		{AFF0DBDA-6906-425C-84D3-26DE9DC040EB}.Release|x86.Build.0 = Release|Any CPU
		{B9150B6A-3D47-465D-AE06-8629D7FAA91D}.Debug|Any CPU.ActiveCfg = Debug|Any CPU
		{B9150B6A-3D47-465D-AE06-8629D7FAA91D}.Debug|Any CPU.Build.0 = Debug|Any CPU
		{B9150B6A-3D47-465D-AE06-8629D7FAA91D}.Debug|x64.ActiveCfg = Debug|Any CPU
		{B9150B6A-3D47-465D-AE06-8629D7FAA91D}.Debug|x64.Build.0 = Debug|Any CPU
		{B9150B6A-3D47-465D-AE06-8629D7FAA91D}.Debug|x86.ActiveCfg = Debug|Any CPU
		{B9150B6A-3D47-465D-AE06-8629D7FAA91D}.Debug|x86.Build.0 = Debug|Any CPU
		{B9150B6A-3D47-465D-AE06-8629D7FAA91D}.Release|Any CPU.ActiveCfg = Release|Any CPU
		{B9150B6A-3D47-465D-AE06-8629D7FAA91D}.Release|Any CPU.Build.0 = Release|Any CPU
		{B9150B6A-3D47-465D-AE06-8629D7FAA91D}.Release|x64.ActiveCfg = Release|Any CPU
		{B9150B6A-3D47-465D-AE06-8629D7FAA91D}.Release|x64.Build.0 = Release|Any CPU
		{B9150B6A-3D47-465D-AE06-8629D7FAA91D}.Release|x86.ActiveCfg = Release|Any CPU
		{B9150B6A-3D47-465D-AE06-8629D7FAA91D}.Release|x86.Build.0 = Release|Any CPU
		{232A008D-2C3E-47A3-B0A1-B2247A0A058C}.Debug|Any CPU.ActiveCfg = Debug|Any CPU
		{232A008D-2C3E-47A3-B0A1-B2247A0A058C}.Debug|Any CPU.Build.0 = Debug|Any CPU
		{232A008D-2C3E-47A3-B0A1-B2247A0A058C}.Debug|x64.ActiveCfg = Debug|Any CPU
		{232A008D-2C3E-47A3-B0A1-B2247A0A058C}.Debug|x64.Build.0 = Debug|Any CPU
		{232A008D-2C3E-47A3-B0A1-B2247A0A058C}.Debug|x86.ActiveCfg = Debug|Any CPU
		{232A008D-2C3E-47A3-B0A1-B2247A0A058C}.Debug|x86.Build.0 = Debug|Any CPU
		{232A008D-2C3E-47A3-B0A1-B2247A0A058C}.Release|Any CPU.ActiveCfg = Release|Any CPU
		{232A008D-2C3E-47A3-B0A1-B2247A0A058C}.Release|Any CPU.Build.0 = Release|Any CPU
		{232A008D-2C3E-47A3-B0A1-B2247A0A058C}.Release|x64.ActiveCfg = Release|Any CPU
		{232A008D-2C3E-47A3-B0A1-B2247A0A058C}.Release|x64.Build.0 = Release|Any CPU
		{232A008D-2C3E-47A3-B0A1-B2247A0A058C}.Release|x86.ActiveCfg = Release|Any CPU
		{232A008D-2C3E-47A3-B0A1-B2247A0A058C}.Release|x86.Build.0 = Release|Any CPU
		{5179F54D-FC2D-45EB-9CC1-51DC6605D33A}.Debug|Any CPU.ActiveCfg = Debug|Any CPU
		{5179F54D-FC2D-45EB-9CC1-51DC6605D33A}.Debug|Any CPU.Build.0 = Debug|Any CPU
		{5179F54D-FC2D-45EB-9CC1-51DC6605D33A}.Debug|x64.ActiveCfg = Debug|Any CPU
		{5179F54D-FC2D-45EB-9CC1-51DC6605D33A}.Debug|x64.Build.0 = Debug|Any CPU
		{5179F54D-FC2D-45EB-9CC1-51DC6605D33A}.Debug|x86.ActiveCfg = Debug|Any CPU
		{5179F54D-FC2D-45EB-9CC1-51DC6605D33A}.Debug|x86.Build.0 = Debug|Any CPU
		{5179F54D-FC2D-45EB-9CC1-51DC6605D33A}.Release|Any CPU.ActiveCfg = Release|Any CPU
		{5179F54D-FC2D-45EB-9CC1-51DC6605D33A}.Release|Any CPU.Build.0 = Release|Any CPU
		{5179F54D-FC2D-45EB-9CC1-51DC6605D33A}.Release|x64.ActiveCfg = Release|Any CPU
		{5179F54D-FC2D-45EB-9CC1-51DC6605D33A}.Release|x64.Build.0 = Release|Any CPU
		{5179F54D-FC2D-45EB-9CC1-51DC6605D33A}.Release|x86.ActiveCfg = Release|Any CPU
		{5179F54D-FC2D-45EB-9CC1-51DC6605D33A}.Release|x86.Build.0 = Release|Any CPU
		{CEFDA22C-49CB-48D9-AEF9-16A69E2639F0}.Debug|Any CPU.ActiveCfg = Debug|Any CPU
		{CEFDA22C-49CB-48D9-AEF9-16A69E2639F0}.Debug|Any CPU.Build.0 = Debug|Any CPU
		{CEFDA22C-49CB-48D9-AEF9-16A69E2639F0}.Debug|x64.ActiveCfg = Debug|Any CPU
		{CEFDA22C-49CB-48D9-AEF9-16A69E2639F0}.Debug|x64.Build.0 = Debug|Any CPU
		{CEFDA22C-49CB-48D9-AEF9-16A69E2639F0}.Debug|x86.ActiveCfg = Debug|Any CPU
		{CEFDA22C-49CB-48D9-AEF9-16A69E2639F0}.Debug|x86.Build.0 = Debug|Any CPU
		{CEFDA22C-49CB-48D9-AEF9-16A69E2639F0}.Release|Any CPU.ActiveCfg = Release|Any CPU
		{CEFDA22C-49CB-48D9-AEF9-16A69E2639F0}.Release|Any CPU.Build.0 = Release|Any CPU
		{CEFDA22C-49CB-48D9-AEF9-16A69E2639F0}.Release|x64.ActiveCfg = Release|Any CPU
		{CEFDA22C-49CB-48D9-AEF9-16A69E2639F0}.Release|x64.Build.0 = Release|Any CPU
		{CEFDA22C-49CB-48D9-AEF9-16A69E2639F0}.Release|x86.ActiveCfg = Release|Any CPU
		{CEFDA22C-49CB-48D9-AEF9-16A69E2639F0}.Release|x86.Build.0 = Release|Any CPU
		{C26430F7-9512-4F65-AC5C-52916A742DD4}.Debug|Any CPU.ActiveCfg = Debug|Any CPU
		{C26430F7-9512-4F65-AC5C-52916A742DD4}.Debug|Any CPU.Build.0 = Debug|Any CPU
		{C26430F7-9512-4F65-AC5C-52916A742DD4}.Debug|x64.ActiveCfg = Debug|Any CPU
		{C26430F7-9512-4F65-AC5C-52916A742DD4}.Debug|x64.Build.0 = Debug|Any CPU
		{C26430F7-9512-4F65-AC5C-52916A742DD4}.Debug|x86.ActiveCfg = Debug|Any CPU
		{C26430F7-9512-4F65-AC5C-52916A742DD4}.Debug|x86.Build.0 = Debug|Any CPU
		{C26430F7-9512-4F65-AC5C-52916A742DD4}.Release|Any CPU.ActiveCfg = Release|Any CPU
		{C26430F7-9512-4F65-AC5C-52916A742DD4}.Release|Any CPU.Build.0 = Release|Any CPU
		{C26430F7-9512-4F65-AC5C-52916A742DD4}.Release|x64.ActiveCfg = Release|Any CPU
		{C26430F7-9512-4F65-AC5C-52916A742DD4}.Release|x64.Build.0 = Release|Any CPU
		{C26430F7-9512-4F65-AC5C-52916A742DD4}.Release|x86.ActiveCfg = Release|Any CPU
		{C26430F7-9512-4F65-AC5C-52916A742DD4}.Release|x86.Build.0 = Release|Any CPU
		{B7DBAE34-A821-4BE8-BE0B-216A2849EE44}.Debug|Any CPU.ActiveCfg = Debug|Any CPU
		{B7DBAE34-A821-4BE8-BE0B-216A2849EE44}.Debug|Any CPU.Build.0 = Debug|Any CPU
		{B7DBAE34-A821-4BE8-BE0B-216A2849EE44}.Debug|x64.ActiveCfg = Debug|Any CPU
		{B7DBAE34-A821-4BE8-BE0B-216A2849EE44}.Debug|x64.Build.0 = Debug|Any CPU
		{B7DBAE34-A821-4BE8-BE0B-216A2849EE44}.Debug|x86.ActiveCfg = Debug|Any CPU
		{B7DBAE34-A821-4BE8-BE0B-216A2849EE44}.Debug|x86.Build.0 = Debug|Any CPU
		{B7DBAE34-A821-4BE8-BE0B-216A2849EE44}.Release|Any CPU.ActiveCfg = Release|Any CPU
		{B7DBAE34-A821-4BE8-BE0B-216A2849EE44}.Release|Any CPU.Build.0 = Release|Any CPU
		{B7DBAE34-A821-4BE8-BE0B-216A2849EE44}.Release|x64.ActiveCfg = Release|Any CPU
		{B7DBAE34-A821-4BE8-BE0B-216A2849EE44}.Release|x64.Build.0 = Release|Any CPU
		{B7DBAE34-A821-4BE8-BE0B-216A2849EE44}.Release|x86.ActiveCfg = Release|Any CPU
		{B7DBAE34-A821-4BE8-BE0B-216A2849EE44}.Release|x86.Build.0 = Release|Any CPU
		{0940A624-C0B1-4A61-BFDF-65F3B61652A4}.Debug|Any CPU.ActiveCfg = Debug|Any CPU
		{0940A624-C0B1-4A61-BFDF-65F3B61652A4}.Debug|Any CPU.Build.0 = Debug|Any CPU
		{0940A624-C0B1-4A61-BFDF-65F3B61652A4}.Debug|x64.ActiveCfg = Debug|Any CPU
		{0940A624-C0B1-4A61-BFDF-65F3B61652A4}.Debug|x64.Build.0 = Debug|Any CPU
		{0940A624-C0B1-4A61-BFDF-65F3B61652A4}.Debug|x86.ActiveCfg = Debug|Any CPU
		{0940A624-C0B1-4A61-BFDF-65F3B61652A4}.Debug|x86.Build.0 = Debug|Any CPU
		{0940A624-C0B1-4A61-BFDF-65F3B61652A4}.Release|Any CPU.ActiveCfg = Release|Any CPU
		{0940A624-C0B1-4A61-BFDF-65F3B61652A4}.Release|Any CPU.Build.0 = Release|Any CPU
		{0940A624-C0B1-4A61-BFDF-65F3B61652A4}.Release|x64.ActiveCfg = Release|Any CPU
		{0940A624-C0B1-4A61-BFDF-65F3B61652A4}.Release|x64.Build.0 = Release|Any CPU
		{0940A624-C0B1-4A61-BFDF-65F3B61652A4}.Release|x86.ActiveCfg = Release|Any CPU
		{0940A624-C0B1-4A61-BFDF-65F3B61652A4}.Release|x86.Build.0 = Release|Any CPU
	EndGlobalSection
	GlobalSection(SolutionProperties) = preSolution
		HideSolutionNode = FALSE
	EndGlobalSection
	GlobalSection(ExtensibilityGlobals) = postSolution
		SolutionGuid = {CAEE780E-597B-4114-AB0B-25D68F7F8D74}
	EndGlobalSection
EndGlobal
