
Microsoft Visual Studio Solution File, Format Version 12.00
# Visual Studio Version 17
VisualStudioVersion = 17.14.36623.8
MinimumVisualStudioVersion = 10.0.40219.1
Project("{FAE04EC0-301F-11D3-BF4B-00C04F79EFBC}") = "MathRound", "MathRound\MathRound.csproj", "{B54AB7B7-DC25-1AAF-0A63-7DC57B450C06}"
EndProject
Project("{FAE04EC0-301F-11D3-BF4B-00C04F79EFBC}") = "MathRound.Tests", "MathRound.Tests\MathRound.Tests.csproj", "{86521F97-E60A-AE09-7153-FD103DD7FB59}"
EndProject
Global
	GlobalSection(SolutionConfigurationPlatforms) = preSolution
		Debug|Any CPU = Debug|Any CPU
		Release|Any CPU = Release|Any CPU
	EndGlobalSection
	GlobalSection(ProjectConfigurationPlatforms) = postSolution
		{B54AB7B7-DC25-1AAF-0A63-7DC57B450C06}.Debug|Any CPU.ActiveCfg = Debug|Any CPU
		{B54AB7B7-DC25-1AAF-0A63-7DC57B450C06}.Debug|Any CPU.Build.0 = Debug|Any CPU
		{B54AB7B7-DC25-1AAF-0A63-7DC57B450C06}.Release|Any CPU.ActiveCfg = Release|Any CPU
		{B54AB7B7-DC25-1AAF-0A63-7DC57B450C06}.Release|Any CPU.Build.0 = Release|Any CPU
		{86521F97-E60A-AE09-7153-FD103DD7FB59}.Debug|Any CPU.ActiveCfg = Debug|Any CPU
		{86521F97-E60A-AE09-7153-FD103DD7FB59}.Debug|Any CPU.Build.0 = Debug|Any CPU
		{86521F97-E60A-AE09-7153-FD103DD7FB59}.Release|Any CPU.ActiveCfg = Release|Any CPU
		{86521F97-E60A-AE09-7153-FD103DD7FB59}.Release|Any CPU.Build.0 = Release|Any CPU
	EndGlobalSection
	GlobalSection(SolutionProperties) = preSolution
		HideSolutionNode = FALSE
	EndGlobalSection
	GlobalSection(ExtensibilityGlobals) = postSolution
		SolutionGuid = {CAEE780E-597B-4114-AB0B-25D68F7F8D74}
	EndGlobalSection
EndGlobal
